
Microsoft Visual Studio Solution File, Format Version 12.00
# Visual Studio Version 17
VisualStudioVersion = 17.8.34316.72
MinimumVisualStudioVersion = 10.0.40219.1
Project("{FAE04EC0-301F-11D3-BF4B-00C04F79EFBC}") = "MockProject", "MockProject\MockProject.csproj", "{38D44321-6475-49FF-B818-F2172948F680}"
EndProject
Global
	GlobalSection(SolutionConfigurationPlatforms) = preSolution
		Debug|Any CPU = Debug|Any CPU
		Release|Any CPU = Release|Any CPU
	EndGlobalSection
	GlobalSection(ProjectConfigurationPlatforms) = postSolution
		{38D44321-6475-49FF-B818-F2172948F680}.Debug|Any CPU.ActiveCfg = Debug|Any CPU
		{38D44321-6475-49FF-B818-F2172948F680}.Debug|Any CPU.Build.0 = Debug|Any CPU
		{38D44321-6475-49FF-B818-F2172948F680}.Release|Any CPU.ActiveCfg = Release|Any CPU
		{38D44321-6475-49FF-B818-F2172948F680}.Release|Any CPU.Build.0 = Release|Any CPU
	EndGlobalSection
	GlobalSection(SolutionProperties) = preSolution
		HideSolutionNode = FALSE
	EndGlobalSection
	GlobalSection(ExtensibilityGlobals) = postSolution
		SolutionGuid = {AF3F50C8-57E0-4CB2-B6AC-461B1F36FD35}
	EndGlobalSection
EndGlobal
